
Microsoft Visual Studio Solution File, Format Version 12.00
# Visual Studio Version 16
VisualStudioVersion = 16.0.29324.140
MinimumVisualStudioVersion = 10.0.40219.1
Project("{9A19103F-16F7-4668-BE54-9A1E7A4F7556}") = "TimeTableWpf", "TimeTableWpf\TimeTableWpf.csproj", "{84333CC7-6489-42C7-BCE4-4D0E261A83CC}"
EndProject
Global
	GlobalSection(SolutionConfigurationPlatforms) = preSolution
		Debug|Any CPU = Debug|Any CPU
		Release|Any CPU = Release|Any CPU
	EndGlobalSection
	GlobalSection(ProjectConfigurationPlatforms) = postSolution
		{84333CC7-6489-42C7-BCE4-4D0E261A83CC}.Debug|Any CPU.ActiveCfg = Debug|Any CPU
		{84333CC7-6489-42C7-BCE4-4D0E261A83CC}.Debug|Any CPU.Build.0 = Debug|Any CPU
		{84333CC7-6489-42C7-BCE4-4D0E261A83CC}.Release|Any CPU.ActiveCfg = Release|Any CPU
		{84333CC7-6489-42C7-BCE4-4D0E261A83CC}.Release|Any CPU.Build.0 = Release|Any CPU
	EndGlobalSection
	GlobalSection(SolutionProperties) = preSolution
		HideSolutionNode = FALSE
	EndGlobalSection
	GlobalSection(ExtensibilityGlobals) = postSolution
		SolutionGuid = {08A99D5F-002F-4CA4-A850-A6DBE0892BD0}
	EndGlobalSection
EndGlobal
